// !$*UTF8*$!
{
	archiveVersion = 1;
	classes = {
	};
	objectVersion = 56;
	objects = {

/* Begin PBXBuildFile section */
		F12285E92B600BF900951F6F /* UserView.swift in Sources */ = {isa = PBXBuildFile; fileRef = F12285E82B600BF900951F6F /* UserView.swift */; };
		F12285EB2B600DD600951F6F /* Localizable.xcstrings in Resources */ = {isa = PBXBuildFile; fileRef = F12285EA2B600DD600951F6F /* Localizable.xcstrings */; };
		F14CB8D52B5F6F0C00E1F7EE /* WishlistApp.swift in Sources */ = {isa = PBXBuildFile; fileRef = F14CB8D42B5F6F0C00E1F7EE /* WishlistApp.swift */; };
		F14CB8D72B5F6F0C00E1F7EE /* ContentView.swift in Sources */ = {isa = PBXBuildFile; fileRef = F14CB8D62B5F6F0C00E1F7EE /* ContentView.swift */; };
		F14CB8D92B5F6F0C00E1F7EE /* Item.swift in Sources */ = {isa = PBXBuildFile; fileRef = F14CB8D82B5F6F0C00E1F7EE /* Item.swift */; };
		F14CB8DB2B5F6F0F00E1F7EE /* Assets.xcassets in Resources */ = {isa = PBXBuildFile; fileRef = F14CB8DA2B5F6F0F00E1F7EE /* Assets.xcassets */; };
		F14CB8DE2B5F6F0F00E1F7EE /* Preview Assets.xcassets in Resources */ = {isa = PBXBuildFile; fileRef = F14CB8DD2B5F6F0F00E1F7EE /* Preview Assets.xcassets */; };
		F14CB8E92B5F707800E1F7EE /* Auth.swift in Sources */ = {isa = PBXBuildFile; fileRef = F14CB8E82B5F707800E1F7EE /* Auth.swift */; };
		F14CB8EB2B5F70BD00E1F7EE /* Constants.swift in Sources */ = {isa = PBXBuildFile; fileRef = F14CB8EA2B5F70BD00E1F7EE /* Constants.swift */; };
		F15FBA322B736DD000C1E66C /* AddWish.swift in Sources */ = {isa = PBXBuildFile; fileRef = F15FBA312B736DD000C1E66C /* AddWish.swift */; };
		F15FBA352B73798000C1E66C /* UserDetail.swift in Sources */ = {isa = PBXBuildFile; fileRef = F15FBA342B73798000C1E66C /* UserDetail.swift */; };
		F19A4C682B7235E800B4C0CB /* UserCard.swift in Sources */ = {isa = PBXBuildFile; fileRef = F19A4C672B7235E800B4C0CB /* UserCard.swift */; };
		F19A4C6B2B724C7E00B4C0CB /* Utils.swift in Sources */ = {isa = PBXBuildFile; fileRef = F19A4C6A2B724C7E00B4C0CB /* Utils.swift */; };
		F19A4C6D2B7255D800B4C0CB /* DataModel.swift in Sources */ = {isa = PBXBuildFile; fileRef = F19A4C6C2B7255D800B4C0CB /* DataModel.swift */; };
		F1CA8A392B5FBA15002B1FF9 /* Login.swift in Sources */ = {isa = PBXBuildFile; fileRef = F1CA8A382B5FBA15002B1FF9 /* Login.swift */; };
		F1CA8A3C2B5FBED1002B1FF9 /* WebView.swift in Sources */ = {isa = PBXBuildFile; fileRef = F1CA8A3B2B5FBED1002B1FF9 /* WebView.swift */; };
		F1FC54CB2B73254D00191C44 /* UserCardList.swift in Sources */ = {isa = PBXBuildFile; fileRef = F1FC54CA2B73254D00191C44 /* UserCardList.swift */; };
		F1FC54CE2B73269100191C44 /* HomeView.swift in Sources */ = {isa = PBXBuildFile; fileRef = F1FC54CD2B73269100191C44 /* HomeView.swift */; };
/* End PBXBuildFile section */

/* Begin PBXFileReference section */
		F12285E82B600BF900951F6F /* UserView.swift */ = {isa = PBXFileReference; lastKnownFileType = sourcecode.swift; path = UserView.swift; sourceTree = "<group>"; };
		F12285EA2B600DD600951F6F /* Localizable.xcstrings */ = {isa = PBXFileReference; lastKnownFileType = text.json.xcstrings; path = Localizable.xcstrings; sourceTree = "<group>"; };
		F14CB8D12B5F6F0C00E1F7EE /* Wishlist.app */ = {isa = PBXFileReference; explicitFileType = wrapper.application; includeInIndex = 0; path = Wishlist.app; sourceTree = BUILT_PRODUCTS_DIR; };
		F14CB8D42B5F6F0C00E1F7EE /* WishlistApp.swift */ = {isa = PBXFileReference; lastKnownFileType = sourcecode.swift; path = WishlistApp.swift; sourceTree = "<group>"; };
		F14CB8D62B5F6F0C00E1F7EE /* ContentView.swift */ = {isa = PBXFileReference; lastKnownFileType = sourcecode.swift; path = ContentView.swift; sourceTree = "<group>"; };
		F14CB8D82B5F6F0C00E1F7EE /* Item.swift */ = {isa = PBXFileReference; lastKnownFileType = sourcecode.swift; path = Item.swift; sourceTree = "<group>"; };
		F14CB8DA2B5F6F0F00E1F7EE /* Assets.xcassets */ = {isa = PBXFileReference; lastKnownFileType = folder.assetcatalog; path = Assets.xcassets; sourceTree = "<group>"; };
		F14CB8DD2B5F6F0F00E1F7EE /* Preview Assets.xcassets */ = {isa = PBXFileReference; lastKnownFileType = folder.assetcatalog; path = "Preview Assets.xcassets"; sourceTree = "<group>"; };
		F14CB8E82B5F707800E1F7EE /* Auth.swift */ = {isa = PBXFileReference; lastKnownFileType = sourcecode.swift; path = Auth.swift; sourceTree = "<group>"; };
		F14CB8EA2B5F70BD00E1F7EE /* Constants.swift */ = {isa = PBXFileReference; lastKnownFileType = sourcecode.swift; path = Constants.swift; sourceTree = "<group>"; };
		F15FBA312B736DD000C1E66C /* AddWish.swift */ = {isa = PBXFileReference; lastKnownFileType = sourcecode.swift; path = AddWish.swift; sourceTree = "<group>"; };
		F15FBA342B73798000C1E66C /* UserDetail.swift */ = {isa = PBXFileReference; lastKnownFileType = sourcecode.swift; path = UserDetail.swift; sourceTree = "<group>"; };
		F19A4C672B7235E800B4C0CB /* UserCard.swift */ = {isa = PBXFileReference; lastKnownFileType = sourcecode.swift; path = UserCard.swift; sourceTree = "<group>"; };
		F19A4C6A2B724C7E00B4C0CB /* Utils.swift */ = {isa = PBXFileReference; lastKnownFileType = sourcecode.swift; path = Utils.swift; sourceTree = "<group>"; };
		F19A4C6C2B7255D800B4C0CB /* DataModel.swift */ = {isa = PBXFileReference; lastKnownFileType = sourcecode.swift; path = DataModel.swift; sourceTree = "<group>"; };
		F1CA8A382B5FBA15002B1FF9 /* Login.swift */ = {isa = PBXFileReference; lastKnownFileType = sourcecode.swift; path = Login.swift; sourceTree = "<group>"; };
		F1CA8A3B2B5FBED1002B1FF9 /* WebView.swift */ = {isa = PBXFileReference; lastKnownFileType = sourcecode.swift; path = WebView.swift; sourceTree = "<group>"; };
		F1FC54CA2B73254D00191C44 /* UserCardList.swift */ = {isa = PBXFileReference; lastKnownFileType = sourcecode.swift; path = UserCardList.swift; sourceTree = "<group>"; };
		F1FC54CD2B73269100191C44 /* HomeView.swift */ = {isa = PBXFileReference; lastKnownFileType = sourcecode.swift; path = HomeView.swift; sourceTree = "<group>"; };
/* End PBXFileReference section */

/* Begin PBXFrameworksBuildPhase section */
		F14CB8CE2B5F6F0C00E1F7EE /* Frameworks */ = {
			isa = PBXFrameworksBuildPhase;
			buildActionMask = 2147483647;
			files = (
			);
			runOnlyForDeploymentPostprocessing = 0;
		};
/* End PBXFrameworksBuildPhase section */

/* Begin PBXGroup section */
		F12285E72B60079600951F6F /* User */ = {
			isa = PBXGroup;
			children = (
				F12285E82B600BF900951F6F /* UserView.swift */,
			);
			path = User;
			sourceTree = "<group>";
		};
		F14CB8C82B5F6F0C00E1F7EE = {
			isa = PBXGroup;
			children = (
				F12285EA2B600DD600951F6F /* Localizable.xcstrings */,
				F14CB8D32B5F6F0C00E1F7EE /* Wishlist */,
				F14CB8D22B5F6F0C00E1F7EE /* Products */,
			);
			sourceTree = "<group>";
		};
		F14CB8D22B5F6F0C00E1F7EE /* Products */ = {
			isa = PBXGroup;
			children = (
				F14CB8D12B5F6F0C00E1F7EE /* Wishlist.app */,
			);
			name = Products;
			sourceTree = "<group>";
		};
		F14CB8D32B5F6F0C00E1F7EE /* Wishlist */ = {
			isa = PBXGroup;
			children = (
				F19A4C692B724C6400B4C0CB /* Utils */,
				F14CB8E72B5F706700E1F7EE /* Views */,
				F14CB8E52B5F703D00E1F7EE /* Models */,
				F14CB8D42B5F6F0C00E1F7EE /* WishlistApp.swift */,
				F14CB8D62B5F6F0C00E1F7EE /* ContentView.swift */,
				F14CB8D82B5F6F0C00E1F7EE /* Item.swift */,
				F14CB8DA2B5F6F0F00E1F7EE /* Assets.xcassets */,
				F14CB8DC2B5F6F0F00E1F7EE /* Preview Content */,
			);
			path = Wishlist;
			sourceTree = "<group>";
		};
		F14CB8DC2B5F6F0F00E1F7EE /* Preview Content */ = {
			isa = PBXGroup;
			children = (
				F14CB8DD2B5F6F0F00E1F7EE /* Preview Assets.xcassets */,
			);
			path = "Preview Content";
			sourceTree = "<group>";
		};
		F14CB8E52B5F703D00E1F7EE /* Models */ = {
			isa = PBXGroup;
			children = (
				F1FC54CC2B7325AE00191C44 /* Home */,
				F14CB8E62B5F704500E1F7EE /* Auth */,
				F14CB8EA2B5F70BD00E1F7EE /* Constants.swift */,
				F19A4C6C2B7255D800B4C0CB /* DataModel.swift */,
			);
			path = Models;
			sourceTree = "<group>";
		};
		F14CB8E62B5F704500E1F7EE /* Auth */ = {
			isa = PBXGroup;
			children = (
				F14CB8E82B5F707800E1F7EE /* Auth.swift */,
			);
			path = Auth;
			sourceTree = "<group>";
		};
		F14CB8E72B5F706700E1F7EE /* Views */ = {
			isa = PBXGroup;
			children = (
				F19A4C652B7235A400B4C0CB /* Home */,
				F12285E72B60079600951F6F /* User */,
				F1CA8A3A2B5FBEBC002B1FF9 /* Common */,
				F1CA8A372B5FB9FF002B1FF9 /* SSO */,
			);
			path = Views;
			sourceTree = "<group>";
		};
		F15FBA302B736DBF00C1E66C /* Sheets */ = {
			isa = PBXGroup;
			children = (
				F15FBA312B736DD000C1E66C /* AddWish.swift */,
			);
			path = Sheets;
			sourceTree = "<group>";
		};
		F15FBA332B73796600C1E66C /* UserDetail */ = {
			isa = PBXGroup;
			children = (
				F15FBA342B73798000C1E66C /* UserDetail.swift */,
			);
			path = UserDetail;
			sourceTree = "<group>";
		};
		F19A4C652B7235A400B4C0CB /* Home */ = {
			isa = PBXGroup;
			children = (
				F15FBA332B73796600C1E66C /* UserDetail */,
				F15FBA302B736DBF00C1E66C /* Sheets */,
				F19A4C662B7235DE00B4C0CB /* UserCard */,
				F1FC54CD2B73269100191C44 /* HomeView.swift */,
			);
			path = Home;
			sourceTree = "<group>";
		};
		F19A4C662B7235DE00B4C0CB /* UserCard */ = {
			isa = PBXGroup;
			children = (
				F19A4C672B7235E800B4C0CB /* UserCard.swift */,
				F1FC54CA2B73254D00191C44 /* UserCardList.swift */,
			);
			path = UserCard;
			sourceTree = "<group>";
		};
		F19A4C692B724C6400B4C0CB /* Utils */ = {
			isa = PBXGroup;
			children = (
				F19A4C6A2B724C7E00B4C0CB /* Utils.swift */,
			);
			path = Utils;
			sourceTree = "<group>";
		};
		F1CA8A372B5FB9FF002B1FF9 /* SSO */ = {
			isa = PBXGroup;
			children = (
				F1CA8A382B5FBA15002B1FF9 /* Login.swift */,
			);
			path = SSO;
			sourceTree = "<group>";
		};
		F1CA8A3A2B5FBEBC002B1FF9 /* Common */ = {
			isa = PBXGroup;
			children = (
				F1CA8A3B2B5FBED1002B1FF9 /* WebView.swift */,
			);
			path = Common;
			sourceTree = "<group>";
		};
		F1FC54CC2B7325AE00191C44 /* Home */ = {
			isa = PBXGroup;
			children = (
			);
			path = Home;
			sourceTree = "<group>";
		};
/* End PBXGroup section */

/* Begin PBXNativeTarget section */
		F14CB8D02B5F6F0C00E1F7EE /* Wishlist */ = {
			isa = PBXNativeTarget;
			buildConfigurationList = F14CB8E12B5F6F0F00E1F7EE /* Build configuration list for PBXNativeTarget "Wishlist" */;
			buildPhases = (
				F14CB8CD2B5F6F0C00E1F7EE /* Sources */,
				F14CB8CE2B5F6F0C00E1F7EE /* Frameworks */,
				F14CB8CF2B5F6F0C00E1F7EE /* Resources */,
			);
			buildRules = (
			);
			dependencies = (
			);
			name = Wishlist;
			productName = Wishlist;
			productReference = F14CB8D12B5F6F0C00E1F7EE /* Wishlist.app */;
			productType = "com.apple.product-type.application";
		};
/* End PBXNativeTarget section */

/* Begin PBXProject section */
		F14CB8C92B5F6F0C00E1F7EE /* Project object */ = {
			isa = PBXProject;
			attributes = {
				BuildIndependentTargetsInParallel = 1;
				LastSwiftUpdateCheck = 1500;
				LastUpgradeCheck = 1500;
				TargetAttributes = {
					F14CB8D02B5F6F0C00E1F7EE = {
						CreatedOnToolsVersion = 15.0.1;
					};
				};
			};
			buildConfigurationList = F14CB8CC2B5F6F0C00E1F7EE /* Build configuration list for PBXProject "Wishlist" */;
			compatibilityVersion = "Xcode 14.0";
			developmentRegion = en;
			hasScannedForEncodings = 0;
			knownRegions = (
				en,
				Base,
				"zh-Hans",
			);
			mainGroup = F14CB8C82B5F6F0C00E1F7EE;
			productRefGroup = F14CB8D22B5F6F0C00E1F7EE /* Products */;
			projectDirPath = "";
			projectRoot = "";
			targets = (
				F14CB8D02B5F6F0C00E1F7EE /* Wishlist */,
			);
		};
/* End PBXProject section */

/* Begin PBXResourcesBuildPhase section */
		F14CB8CF2B5F6F0C00E1F7EE /* Resources */ = {
			isa = PBXResourcesBuildPhase;
			buildActionMask = 2147483647;
			files = (
				F14CB8DE2B5F6F0F00E1F7EE /* Preview Assets.xcassets in Resources */,
				F14CB8DB2B5F6F0F00E1F7EE /* Assets.xcassets in Resources */,
				F12285EB2B600DD600951F6F /* Localizable.xcstrings in Resources */,
			);
			runOnlyForDeploymentPostprocessing = 0;
		};
/* End PBXResourcesBuildPhase section */

/* Begin PBXSourcesBuildPhase section */
		F14CB8CD2B5F6F0C00E1F7EE /* Sources */ = {
			isa = PBXSourcesBuildPhase;
			buildActionMask = 2147483647;
			files = (
				F14CB8EB2B5F70BD00E1F7EE /* Constants.swift in Sources */,
				F19A4C682B7235E800B4C0CB /* UserCard.swift in Sources */,
				F1FC54CE2B73269100191C44 /* HomeView.swift in Sources */,
				F1FC54CB2B73254D00191C44 /* UserCardList.swift in Sources */,
				F19A4C6D2B7255D800B4C0CB /* DataModel.swift in Sources */,
				F12285E92B600BF900951F6F /* UserView.swift in Sources */,
				F14CB8D72B5F6F0C00E1F7EE /* ContentView.swift in Sources */,
				F14CB8D92B5F6F0C00E1F7EE /* Item.swift in Sources */,
				F15FBA322B736DD000C1E66C /* AddWish.swift in Sources */,
				F19A4C6B2B724C7E00B4C0CB /* Utils.swift in Sources */,
				F1CA8A392B5FBA15002B1FF9 /* Login.swift in Sources */,
				F14CB8D52B5F6F0C00E1F7EE /* WishlistApp.swift in Sources */,
				F14CB8E92B5F707800E1F7EE /* Auth.swift in Sources */,
				F15FBA352B73798000C1E66C /* UserDetail.swift in Sources */,
				F1CA8A3C2B5FBED1002B1FF9 /* WebView.swift in Sources */,
			);
			runOnlyForDeploymentPostprocessing = 0;
		};
/* End PBXSourcesBuildPhase section */

/* Begin XCBuildConfiguration section */
		F14CB8DF2B5F6F0F00E1F7EE /* Debug */ = {
			isa = XCBuildConfiguration;
			buildSettings = {
				ALWAYS_SEARCH_USER_PATHS = NO;
				ASSETCATALOG_COMPILER_GENERATE_SWIFT_ASSET_SYMBOL_EXTENSIONS = YES;
				CLANG_ANALYZER_NONNULL = YES;
				CLANG_ANALYZER_NUMBER_OBJECT_CONVERSION = YES_AGGRESSIVE;
				CLANG_CXX_LANGUAGE_STANDARD = "gnu++20";
				CLANG_ENABLE_MODULES = YES;
				CLANG_ENABLE_OBJC_ARC = YES;
				CLANG_ENABLE_OBJC_WEAK = YES;
				CLANG_WARN_BLOCK_CAPTURE_AUTORELEASING = YES;
				CLANG_WARN_BOOL_CONVERSION = YES;
				CLANG_WARN_COMMA = YES;
				CLANG_WARN_CONSTANT_CONVERSION = YES;
				CLANG_WARN_DEPRECATED_OBJC_IMPLEMENTATIONS = YES;
				CLANG_WARN_DIRECT_OBJC_ISA_USAGE = YES_ERROR;
				CLANG_WARN_DOCUMENTATION_COMMENTS = YES;
				CLANG_WARN_EMPTY_BODY = YES;
				CLANG_WARN_ENUM_CONVERSION = YES;
				CLANG_WARN_INFINITE_RECURSION = YES;
				CLANG_WARN_INT_CONVERSION = YES;
				CLANG_WARN_NON_LITERAL_NULL_CONVERSION = YES;
				CLANG_WARN_OBJC_IMPLICIT_RETAIN_SELF = YES;
				CLANG_WARN_OBJC_LITERAL_CONVERSION = YES;
				CLANG_WARN_OBJC_ROOT_CLASS = YES_ERROR;
				CLANG_WARN_QUOTED_INCLUDE_IN_FRAMEWORK_HEADER = YES;
				CLANG_WARN_RANGE_LOOP_ANALYSIS = YES;
				CLANG_WARN_STRICT_PROTOTYPES = YES;
				CLANG_WARN_SUSPICIOUS_MOVE = YES;
				CLANG_WARN_UNGUARDED_AVAILABILITY = YES_AGGRESSIVE;
				CLANG_WARN_UNREACHABLE_CODE = YES;
				CLANG_WARN__DUPLICATE_METHOD_MATCH = YES;
				COPY_PHASE_STRIP = NO;
				DEBUG_INFORMATION_FORMAT = dwarf;
				ENABLE_STRICT_OBJC_MSGSEND = YES;
				ENABLE_TESTABILITY = YES;
				ENABLE_USER_SCRIPT_SANDBOXING = YES;
				GCC_C_LANGUAGE_STANDARD = gnu17;
				GCC_DYNAMIC_NO_PIC = NO;
				GCC_NO_COMMON_BLOCKS = YES;
				GCC_OPTIMIZATION_LEVEL = 0;
				GCC_PREPROCESSOR_DEFINITIONS = (
					"DEBUG=1",
					"$(inherited)",
				);
				GCC_WARN_64_TO_32_BIT_CONVERSION = YES;
				GCC_WARN_ABOUT_RETURN_TYPE = YES_ERROR;
				GCC_WARN_UNDECLARED_SELECTOR = YES;
				GCC_WARN_UNINITIALIZED_AUTOS = YES_AGGRESSIVE;
				GCC_WARN_UNUSED_FUNCTION = YES;
				GCC_WARN_UNUSED_VARIABLE = YES;
				IPHONEOS_DEPLOYMENT_TARGET = 17.0;
				LOCALIZATION_PREFERS_STRING_CATALOGS = YES;
				MTL_ENABLE_DEBUG_INFO = INCLUDE_SOURCE;
				MTL_FAST_MATH = YES;
				ONLY_ACTIVE_ARCH = YES;
				SDKROOT = iphoneos;
				SWIFT_ACTIVE_COMPILATION_CONDITIONS = "DEBUG $(inherited)";
				SWIFT_OPTIMIZATION_LEVEL = "-Onone";
			};
			name = Debug;
		};
		F14CB8E02B5F6F0F00E1F7EE /* Release */ = {
			isa = XCBuildConfiguration;
			buildSettings = {
				ALWAYS_SEARCH_USER_PATHS = NO;
				ASSETCATALOG_COMPILER_GENERATE_SWIFT_ASSET_SYMBOL_EXTENSIONS = YES;
				CLANG_ANALYZER_NONNULL = YES;
				CLANG_ANALYZER_NUMBER_OBJECT_CONVERSION = YES_AGGRESSIVE;
				CLANG_CXX_LANGUAGE_STANDARD = "gnu++20";
				CLANG_ENABLE_MODULES = YES;
				CLANG_ENABLE_OBJC_ARC = YES;
				CLANG_ENABLE_OBJC_WEAK = YES;
				CLANG_WARN_BLOCK_CAPTURE_AUTORELEASING = YES;
				CLANG_WARN_BOOL_CONVERSION = YES;
				CLANG_WARN_COMMA = YES;
				CLANG_WARN_CONSTANT_CONVERSION = YES;
				CLANG_WARN_DEPRECATED_OBJC_IMPLEMENTATIONS = YES;
				CLANG_WARN_DIRECT_OBJC_ISA_USAGE = YES_ERROR;
				CLANG_WARN_DOCUMENTATION_COMMENTS = YES;
				CLANG_WARN_EMPTY_BODY = YES;
				CLANG_WARN_ENUM_CONVERSION = YES;
				CLANG_WARN_INFINITE_RECURSION = YES;
				CLANG_WARN_INT_CONVERSION = YES;
				CLANG_WARN_NON_LITERAL_NULL_CONVERSION = YES;
				CLANG_WARN_OBJC_IMPLICIT_RETAIN_SELF = YES;
				CLANG_WARN_OBJC_LITERAL_CONVERSION = YES;
				CLANG_WARN_OBJC_ROOT_CLASS = YES_ERROR;
				CLANG_WARN_QUOTED_INCLUDE_IN_FRAMEWORK_HEADER = YES;
				CLANG_WARN_RANGE_LOOP_ANALYSIS = YES;
				CLANG_WARN_STRICT_PROTOTYPES = YES;
				CLANG_WARN_SUSPICIOUS_MOVE = YES;
				CLANG_WARN_UNGUARDED_AVAILABILITY = YES_AGGRESSIVE;
				CLANG_WARN_UNREACHABLE_CODE = YES;
				CLANG_WARN__DUPLICATE_METHOD_MATCH = YES;
				COPY_PHASE_STRIP = NO;
				DEBUG_INFORMATION_FORMAT = "dwarf-with-dsym";
				ENABLE_NS_ASSERTIONS = NO;
				ENABLE_STRICT_OBJC_MSGSEND = YES;
				ENABLE_USER_SCRIPT_SANDBOXING = YES;
				GCC_C_LANGUAGE_STANDARD = gnu17;
				GCC_NO_COMMON_BLOCKS = YES;
				GCC_WARN_64_TO_32_BIT_CONVERSION = YES;
				GCC_WARN_ABOUT_RETURN_TYPE = YES_ERROR;
				GCC_WARN_UNDECLARED_SELECTOR = YES;
				GCC_WARN_UNINITIALIZED_AUTOS = YES_AGGRESSIVE;
				GCC_WARN_UNUSED_FUNCTION = YES;
				GCC_WARN_UNUSED_VARIABLE = YES;
				IPHONEOS_DEPLOYMENT_TARGET = 17.0;
				LOCALIZATION_PREFERS_STRING_CATALOGS = YES;
				MTL_ENABLE_DEBUG_INFO = NO;
				MTL_FAST_MATH = YES;
				SDKROOT = iphoneos;
				SWIFT_COMPILATION_MODE = wholemodule;
				VALIDATE_PRODUCT = YES;
			};
			name = Release;
		};
		F14CB8E22B5F6F0F00E1F7EE /* Debug */ = {
			isa = XCBuildConfiguration;
			buildSettings = {
				ASSETCATALOG_COMPILER_APPICON_NAME = AppIcon;
				ASSETCATALOG_COMPILER_GLOBAL_ACCENT_COLOR_NAME = AccentColor;
				CODE_SIGN_STYLE = Automatic;
				CURRENT_PROJECT_VERSION = 1;
				DEVELOPMENT_ASSET_PATHS = "\"Wishlist/Preview Content\"";
				DEVELOPMENT_TEAM = D4GB2QAR6S;
				ENABLE_PREVIEWS = YES;
				GENERATE_INFOPLIST_FILE = YES;
				INFOPLIST_KEY_UIApplicationSceneManifest_Generation = YES;
				INFOPLIST_KEY_UIApplicationSupportsIndirectInputEvents = YES;
				INFOPLIST_KEY_UILaunchScreen_Generation = YES;
				INFOPLIST_KEY_UISupportedInterfaceOrientations_iPad = "UIInterfaceOrientationPortrait UIInterfaceOrientationPortraitUpsideDown UIInterfaceOrientationLandscapeLeft UIInterfaceOrientationLandscapeRight";
				INFOPLIST_KEY_UISupportedInterfaceOrientations_iPhone = "UIInterfaceOrientationPortrait UIInterfaceOrientationLandscapeLeft UIInterfaceOrientationLandscapeRight";
				LD_RUNPATH_SEARCH_PATHS = (
					"$(inherited)",
					"@executable_path/Frameworks",
				);
				MARKETING_VERSION = 1.0;
				PRODUCT_BUNDLE_IDENTIFIER = ltd.hong97.WishlistNative;
				PRODUCT_NAME = "$(TARGET_NAME)";
				SWIFT_EMIT_LOC_STRINGS = YES;
				SWIFT_VERSION = 5.0;
				TARGETED_DEVICE_FAMILY = "1,2";
			};
			name = Debug;
		};
		F14CB8E32B5F6F0F00E1F7EE /* Release */ = {
			isa = XCBuildConfiguration;
			buildSettings = {
				ASSETCATALOG_COMPILER_APPICON_NAME = AppIcon;
				ASSETCATALOG_COMPILER_GLOBAL_ACCENT_COLOR_NAME = AccentColor;
				CODE_SIGN_STYLE = Automatic;
				CURRENT_PROJECT_VERSION = 1;
				DEVELOPMENT_ASSET_PATHS = "\"Wishlist/Preview Content\"";
				DEVELOPMENT_TEAM = D4GB2QAR6S;
				ENABLE_PREVIEWS = YES;
				GENERATE_INFOPLIST_FILE = YES;
				INFOPLIST_KEY_UIApplicationSceneManifest_Generation = YES;
				INFOPLIST_KEY_UIApplicationSupportsIndirectInputEvents = YES;
				INFOPLIST_KEY_UILaunchScreen_Generation = YES;
				INFOPLIST_KEY_UISupportedInterfaceOrientations_iPad = "UIInterfaceOrientationPortrait UIInterfaceOrientationPortraitUpsideDown UIInterfaceOrientationLandscapeLeft UIInterfaceOrientationLandscapeRight";
				INFOPLIST_KEY_UISupportedInterfaceOrientations_iPhone = "UIInterfaceOrientationPortrait UIInterfaceOrientationLandscapeLeft UIInterfaceOrientationLandscapeRight";
				LD_RUNPATH_SEARCH_PATHS = (
					"$(inherited)",
					"@executable_path/Frameworks",
				);
				MARKETING_VERSION = 1.0;
				PRODUCT_BUNDLE_IDENTIFIER = ltd.hong97.WishlistNative;
				PRODUCT_NAME = "$(TARGET_NAME)";
				SWIFT_EMIT_LOC_STRINGS = YES;
				SWIFT_VERSION = 5.0;
				TARGETED_DEVICE_FAMILY = "1,2";
			};
			name = Release;
		};
/* End XCBuildConfiguration section */

/* Begin XCConfigurationList section */
		F14CB8CC2B5F6F0C00E1F7EE /* Build configuration list for PBXProject "Wishlist" */ = {
			isa = XCConfigurationList;
			buildConfigurations = (
				F14CB8DF2B5F6F0F00E1F7EE /* Debug */,
				F14CB8E02B5F6F0F00E1F7EE /* Release */,
			);
			defaultConfigurationIsVisible = 0;
			defaultConfigurationName = Release;
		};
		F14CB8E12B5F6F0F00E1F7EE /* Build configuration list for PBXNativeTarget "Wishlist" */ = {
			isa = XCConfigurationList;
			buildConfigurations = (
				F14CB8E22B5F6F0F00E1F7EE /* Debug */,
				F14CB8E32B5F6F0F00E1F7EE /* Release */,
			);
			defaultConfigurationIsVisible = 0;
			defaultConfigurationName = Release;
		};
/* End XCConfigurationList section */
	};
	rootObject = F14CB8C92B5F6F0C00E1F7EE /* Project object */;
}
